
Microsoft Visual Studio Solution File, Format Version 12.00
# Visual Studio Version 17
VisualStudioVersion = 17.14.36915.13
MinimumVisualStudioVersion = 10.0.40219.1
Project("{FAE04EC0-301F-11D3-BF4B-00C04F79EFBC}") = "BuilderPulsePro.Api", "BuilderPulsePro.Api\BuilderPulsePro.Api.csproj", "{363B160B-DBB7-DDDA-A9EB-43B2A4BEEB69}"
EndProject
Project("{FAE04EC0-301F-11D3-BF4B-00C04F79EFBC}") = "BuilderPulsePro.Api.Tests", "BuilderPulsePro.Api.Tests\BuilderPulsePro.Api.Tests.csproj", "{3F3F55C4-E005-6FDC-F05C-D38466F54F51}"
EndProject
Project("{54A90642-561A-4BB1-A94E-469ADEE60C69}") = "BuilderPulsePro.Web", "BuilderPulsePro.Web\BuilderPulsePro.Web.esproj", "{78267B70-90D7-3D6A-5E3E-A24048D6E3AC}"
EndProject
Project("{54A90642-561A-4BB1-A94E-469ADEE60C69}") = "BuilderPulsePro.App", "BuilderPulsePro.App\BuilderPulsePro.App.esproj", "{DE44CC98-6BA5-7C3F-0235-FBBE5B59FFA9}"
EndProject
Global
	GlobalSection(SolutionConfigurationPlatforms) = preSolution
		Debug|Any CPU = Debug|Any CPU
		Release|Any CPU = Release|Any CPU
	EndGlobalSection
	GlobalSection(ProjectConfigurationPlatforms) = postSolution
		{363B160B-DBB7-DDDA-A9EB-43B2A4BEEB69}.Debug|Any CPU.ActiveCfg = Debug|Any CPU
		{363B160B-DBB7-DDDA-A9EB-43B2A4BEEB69}.Debug|Any CPU.Build.0 = Debug|Any CPU
		{363B160B-DBB7-DDDA-A9EB-43B2A4BEEB69}.Release|Any CPU.ActiveCfg = Release|Any CPU
		{363B160B-DBB7-DDDA-A9EB-43B2A4BEEB69}.Release|Any CPU.Build.0 = Release|Any CPU
		{3F3F55C4-E005-6FDC-F05C-D38466F54F51}.Debug|Any CPU.ActiveCfg = Debug|Any CPU
		{3F3F55C4-E005-6FDC-F05C-D38466F54F51}.Debug|Any CPU.Build.0 = Debug|Any CPU
		{3F3F55C4-E005-6FDC-F05C-D38466F54F51}.Release|Any CPU.ActiveCfg = Release|Any CPU
		{3F3F55C4-E005-6FDC-F05C-D38466F54F51}.Release|Any CPU.Build.0 = Release|Any CPU
		{78267B70-90D7-3D6A-5E3E-A24048D6E3AC}.Debug|Any CPU.ActiveCfg = Debug|Any CPU
		{78267B70-90D7-3D6A-5E3E-A24048D6E3AC}.Release|Any CPU.ActiveCfg = Release|Any CPU
		{78267B70-90D7-3D6A-5E3E-A24048D6E3AC}.Release|Any CPU.Build.0 = Release|Any CPU
		{78267B70-90D7-3D6A-5E3E-A24048D6E3AC}.Release|Any CPU.Deploy.0 = Release|Any CPU
		{DE44CC98-6BA5-7C3F-0235-FBBE5B59FFA9}.Debug|Any CPU.ActiveCfg = Debug|Any CPU
		{DE44CC98-6BA5-7C3F-0235-FBBE5B59FFA9}.Release|Any CPU.ActiveCfg = Release|Any CPU
		{DE44CC98-6BA5-7C3F-0235-FBBE5B59FFA9}.Release|Any CPU.Build.0 = Release|Any CPU
		{DE44CC98-6BA5-7C3F-0235-FBBE5B59FFA9}.Release|Any CPU.Deploy.0 = Release|Any CPU
	EndGlobalSection
	GlobalSection(SolutionProperties) = preSolution
		HideSolutionNode = FALSE
	EndGlobalSection
	GlobalSection(ExtensibilityGlobals) = postSolution
		SolutionGuid = {F8F49614-718B-48CA-AF36-926CCF583096}
	EndGlobalSection
EndGlobal
